
Microsoft Visual Studio Solution File, Format Version 12.00
# Visual Studio 15
Project("{FAE04EC0-301F-11D3-BF4B-00C04F79EFBC}") = "Assembly-CSharp", "Assembly-CSharp.csproj", "{0B68DCFC-E62A-A608-CDF6-87B8B0EFC040}"
EndProject
Project("{FAE04EC0-301F-11D3-BF4B-00C04F79EFBC}") = "VirtualButtonsScripts", "VirtualButtonsScripts.csproj", "{37A5300F-43D0-DDC6-A2A0-4E357D8D82B3}"
EndProject
Global
	GlobalSection(SolutionConfigurationPlatforms) = preSolution
		Debug|Any CPU = Debug|Any CPU
		Release|Any CPU = Release|Any CPU
	EndGlobalSection
	GlobalSection(ProjectConfigurationPlatforms) = postSolution
		{0B68DCFC-E62A-A608-CDF6-87B8B0EFC040}.Debug|Any CPU.ActiveCfg = Debug|Any CPU
		{0B68DCFC-E62A-A608-CDF6-87B8B0EFC040}.Debug|Any CPU.Build.0 = Debug|Any CPU
		{0B68DCFC-E62A-A608-CDF6-87B8B0EFC040}.Release|Any CPU.ActiveCfg = Release|Any CPU
		{0B68DCFC-E62A-A608-CDF6-87B8B0EFC040}.Release|Any CPU.Build.0 = Release|Any CPU
		{37A5300F-43D0-DDC6-A2A0-4E357D8D82B3}.Debug|Any CPU.ActiveCfg = Debug|Any CPU
		{37A5300F-43D0-DDC6-A2A0-4E357D8D82B3}.Debug|Any CPU.Build.0 = Debug|Any CPU
		{37A5300F-43D0-DDC6-A2A0-4E357D8D82B3}.Release|Any CPU.ActiveCfg = Release|Any CPU
		{37A5300F-43D0-DDC6-A2A0-4E357D8D82B3}.Release|Any CPU.Build.0 = Release|Any CPU
	EndGlobalSection
	GlobalSection(SolutionProperties) = preSolution
		HideSolutionNode = FALSE
	EndGlobalSection
EndGlobal
